<?xml version="1.0" encoding="utf-8"?>
<Project ToolsVersion="4.0" xmlns="http://schemas.microsoft.com/developer/msbuild/2003">
  <ItemGroup>
    <Filter Include="Main">
      <UniqueIdentifier>{2e2fb004-867b-45c3-8d67-d85c057d1383}</UniqueIdentifier>
    </Filter>
    <Filter Include="Test">
      <UniqueIdentifier>{0d3b0190-56cc-49c8-a7de-b06d919002ec}</UniqueIdentifier>
    </Filter>
    <Filter Include="Tree">
      <UniqueIdentifier>{eebe609d-7ce7-4d95-916a-a10018d6abb4}</UniqueIdentifier>
    </Filter>
  </ItemGroup>
  <ItemGroup>
    <ClCompile Include="RedBlackTree.cpp">
      <Filter>Tree</Filter>
    </ClCompile>
    <ClCompile Include="Main.cpp">
      <Filter>Main</Filter>
    </ClCompile>
    <ClCompile Include="BinaryTree.cpp">
      <Filter>Tree</Filter>
    </ClCompile>
    <ClCompile Include="Test.cpp">
      <Filter>Test</Filter>
    </ClCompile>
  </ItemGroup>
  <ItemGroup>
    <ClInclude Include="RedBlackTree.h">
      <Filter>Tree</Filter>
    </ClInclude>
    <ClInclude Include="BinaryTree.h">
      <Filter>Tree</Filter>
    </ClInclude>
    <ClInclude Include="Test.h">
      <Filter>Test</Filter>
    </ClInclude>
    <ClInclude Include="Cell.h">
      <Filter>Tree</Filter>
    </ClInclude>
  </ItemGroup>
</Project>